// !$*UTF8*$!
{
	archiveVersion = 1;
	classes = {
	};
	objectVersion = 50;
	objects = {

/* Begin PBXBuildFile section */
		4255781620B9CC4D00A72506 /* AppDelegate.swift in Sources */ = {isa = PBXBuildFile; fileRef = 4255781520B9CC4D00A72506 /* AppDelegate.swift */; };
		4255781820B9CC4D00A72506 /* ViewController.swift in Sources */ = {isa = PBXBuildFile; fileRef = 4255781720B9CC4D00A72506 /* ViewController.swift */; };
		4255781B20B9CC4D00A72506 /* Main.storyboard in Resources */ = {isa = PBXBuildFile; fileRef = 4255781920B9CC4D00A72506 /* Main.storyboard */; };
		4255781D20B9CC4D00A72506 /* Assets.xcassets in Resources */ = {isa = PBXBuildFile; fileRef = 4255781C20B9CC4D00A72506 /* Assets.xcassets */; };
		4255782020B9CC4D00A72506 /* LaunchScreen.storyboard in Resources */ = {isa = PBXBuildFile; fileRef = 4255781E20B9CC4D00A72506 /* LaunchScreen.storyboard */; };
		4255782B20B9CC4E00A72506 /* StackViews_and_AutoLayoutTests.swift in Sources */ = {isa = PBXBuildFile; fileRef = 4255782A20B9CC4E00A72506 /* StackViews_and_AutoLayoutTests.swift */; };
		4255783620B9CC4E00A72506 /* StackViews_and_AutoLayoutUITests.swift in Sources */ = {isa = PBXBuildFile; fileRef = 4255783520B9CC4E00A72506 /* StackViews_and_AutoLayoutUITests.swift */; };
/* End PBXBuildFile section */

/* Begin PBXContainerItemProxy section */
		4255782720B9CC4E00A72506 /* PBXContainerItemProxy */ = {
			isa = PBXContainerItemProxy;
			containerPortal = 4255780A20B9CC4D00A72506 /* Project object */;
			proxyType = 1;
			remoteGlobalIDString = 4255781120B9CC4D00A72506;
			remoteInfo = "StackViews and AutoLayout";
		};
		4255783220B9CC4E00A72506 /* PBXContainerItemProxy */ = {
			isa = PBXContainerItemProxy;
			containerPortal = 4255780A20B9CC4D00A72506 /* Project object */;
			proxyType = 1;
			remoteGlobalIDString = 4255781120B9CC4D00A72506;
			remoteInfo = "StackViews and AutoLayout";
		};
/* End PBXContainerItemProxy section */

/* Begin PBXFileReference section */
		4255781220B9CC4D00A72506 /* StackViews and AutoLayout.app */ = {isa = PBXFileReference; explicitFileType = wrapper.application; includeInIndex = 0; path = "StackViews and AutoLayout.app"; sourceTree = BUILT_PRODUCTS_DIR; };
		4255781520B9CC4D00A72506 /* AppDelegate.swift */ = {isa = PBXFileReference; lastKnownFileType = sourcecode.swift; path = AppDelegate.swift; sourceTree = "<group>"; };
		4255781720B9CC4D00A72506 /* ViewController.swift */ = {isa = PBXFileReference; lastKnownFileType = sourcecode.swift; path = ViewController.swift; sourceTree = "<group>"; };
		4255781A20B9CC4D00A72506 /* Base */ = {isa = PBXFileReference; lastKnownFileType = file.storyboard; name = Base; path = Base.lproj/Main.storyboard; sourceTree = "<group>"; };
		4255781C20B9CC4D00A72506 /* Assets.xcassets */ = {isa = PBXFileReference; lastKnownFileType = folder.assetcatalog; path = Assets.xcassets; sourceTree = "<group>"; };
		4255781F20B9CC4D00A72506 /* Base */ = {isa = PBXFileReference; lastKnownFileType = file.storyboard; name = Base; path = Base.lproj/LaunchScreen.storyboard; sourceTree = "<group>"; };
		4255782120B9CC4D00A72506 /* Info.plist */ = {isa = PBXFileReference; lastKnownFileType = text.plist.xml; path = Info.plist; sourceTree = "<group>"; };
		4255782620B9CC4E00A72506 /* StackViews and AutoLayoutTests.xctest */ = {isa = PBXFileReference; explicitFileType = wrapper.cfbundle; includeInIndex = 0; path = "StackViews and AutoLayoutTests.xctest"; sourceTree = BUILT_PRODUCTS_DIR; };
		4255782A20B9CC4E00A72506 /* StackViews_and_AutoLayoutTests.swift */ = {isa = PBXFileReference; lastKnownFileType = sourcecode.swift; path = StackViews_and_AutoLayoutTests.swift; sourceTree = "<group>"; };
		4255782C20B9CC4E00A72506 /* Info.plist */ = {isa = PBXFileReference; lastKnownFileType = text.plist.xml; path = Info.plist; sourceTree = "<group>"; };
		4255783120B9CC4E00A72506 /* StackViews and AutoLayoutUITests.xctest */ = {isa = PBXFileReference; explicitFileType = wrapper.cfbundle; includeInIndex = 0; path = "StackViews and AutoLayoutUITests.xctest"; sourceTree = BUILT_PRODUCTS_DIR; };
		4255783520B9CC4E00A72506 /* StackViews_and_AutoLayoutUITests.swift */ = {isa = PBXFileReference; lastKnownFileType = sourcecode.swift; path = StackViews_and_AutoLayoutUITests.swift; sourceTree = "<group>"; };
		4255783720B9CC4E00A72506 /* Info.plist */ = {isa = PBXFileReference; lastKnownFileType = text.plist.xml; path = Info.plist; sourceTree = "<group>"; };
/* End PBXFileReference section */

/* Begin PBXFrameworksBuildPhase section */
		4255780F20B9CC4D00A72506 /* Frameworks */ = {
			isa = PBXFrameworksBuildPhase;
			buildActionMask = 2147483647;
			files = (
			);
			runOnlyForDeploymentPostprocessing = 0;
		};
		4255782320B9CC4E00A72506 /* Frameworks */ = {
			isa = PBXFrameworksBuildPhase;
			buildActionMask = 2147483647;
			files = (
			);
			runOnlyForDeploymentPostprocessing = 0;
		};
		4255782E20B9CC4E00A72506 /* Frameworks */ = {
			isa = PBXFrameworksBuildPhase;
			buildActionMask = 2147483647;
			files = (
			);
			runOnlyForDeploymentPostprocessing = 0;
		};
/* End PBXFrameworksBuildPhase section */

/* Begin PBXGroup section */
		4255780920B9CC4D00A72506 = {
			isa = PBXGroup;
			children = (
				4255781420B9CC4D00A72506 /* StackViews and AutoLayout */,
				4255782920B9CC4E00A72506 /* StackViews and AutoLayoutTests */,
				4255783420B9CC4E00A72506 /* StackViews and AutoLayoutUITests */,
				4255781320B9CC4D00A72506 /* Products */,
			);
			sourceTree = "<group>";
		};
		4255781320B9CC4D00A72506 /* Products */ = {
			isa = PBXGroup;
			children = (
				4255781220B9CC4D00A72506 /* StackViews and AutoLayout.app */,
				4255782620B9CC4E00A72506 /* StackViews and AutoLayoutTests.xctest */,
				4255783120B9CC4E00A72506 /* StackViews and AutoLayoutUITests.xctest */,
			);
			name = Products;
			sourceTree = "<group>";
		};
		4255781420B9CC4D00A72506 /* StackViews and AutoLayout */ = {
			isa = PBXGroup;
			children = (
				4255781520B9CC4D00A72506 /* AppDelegate.swift */,
				4255781720B9CC4D00A72506 /* ViewController.swift */,
				4255781920B9CC4D00A72506 /* Main.storyboard */,
				4255781C20B9CC4D00A72506 /* Assets.xcassets */,
				4255781E20B9CC4D00A72506 /* LaunchScreen.storyboard */,
				4255782120B9CC4D00A72506 /* Info.plist */,
			);
			path = "StackViews and AutoLayout";
			sourceTree = "<group>";
		};
		4255782920B9CC4E00A72506 /* StackViews and AutoLayoutTests */ = {
			isa = PBXGroup;
			children = (
				4255782A20B9CC4E00A72506 /* StackViews_and_AutoLayoutTests.swift */,
				4255782C20B9CC4E00A72506 /* Info.plist */,
			);
			path = "StackViews and AutoLayoutTests";
			sourceTree = "<group>";
		};
		4255783420B9CC4E00A72506 /* StackViews and AutoLayoutUITests */ = {
			isa = PBXGroup;
			children = (
				4255783520B9CC4E00A72506 /* StackViews_and_AutoLayoutUITests.swift */,
				4255783720B9CC4E00A72506 /* Info.plist */,
			);
			path = "StackViews and AutoLayoutUITests";
			sourceTree = "<group>";
		};
/* End PBXGroup section */

/* Begin PBXNativeTarget section */
		4255781120B9CC4D00A72506 /* StackViews and AutoLayout */ = {
			isa = PBXNativeTarget;
			buildConfigurationList = 4255783A20B9CC4E00A72506 /* Build configuration list for PBXNativeTarget "StackViews and AutoLayout" */;
			buildPhases = (
				4255780E20B9CC4D00A72506 /* Sources */,
				4255780F20B9CC4D00A72506 /* Frameworks */,
				4255781020B9CC4D00A72506 /* Resources */,
			);
			buildRules = (
			);
			dependencies = (
			);
			name = "StackViews and AutoLayout";
			productName = "StackViews and AutoLayout";
			productReference = 4255781220B9CC4D00A72506 /* StackViews and AutoLayout.app */;
			productType = "com.apple.product-type.application";
		};
		4255782520B9CC4E00A72506 /* StackViews and AutoLayoutTests */ = {
			isa = PBXNativeTarget;
			buildConfigurationList = 4255783D20B9CC4E00A72506 /* Build configuration list for PBXNativeTarget "StackViews and AutoLayoutTests" */;
			buildPhases = (
				4255782220B9CC4E00A72506 /* Sources */,
				4255782320B9CC4E00A72506 /* Frameworks */,
				4255782420B9CC4E00A72506 /* Resources */,
			);
			buildRules = (
			);
			dependencies = (
				4255782820B9CC4E00A72506 /* PBXTargetDependency */,
			);
			name = "StackViews and AutoLayoutTests";
			productName = "StackViews and AutoLayoutTests";
			productReference = 4255782620B9CC4E00A72506 /* StackViews and AutoLayoutTests.xctest */;
			productType = "com.apple.product-type.bundle.unit-test";
		};
		4255783020B9CC4E00A72506 /* StackViews and AutoLayoutUITests */ = {
			isa = PBXNativeTarget;
			buildConfigurationList = 4255784020B9CC4E00A72506 /* Build configuration list for PBXNativeTarget "StackViews and AutoLayoutUITests" */;
			buildPhases = (
				4255782D20B9CC4E00A72506 /* Sources */,
				4255782E20B9CC4E00A72506 /* Frameworks */,
				4255782F20B9CC4E00A72506 /* Resources */,
			);
			buildRules = (
			);
			dependencies = (
				4255783320B9CC4E00A72506 /* PBXTargetDependency */,
			);
			name = "StackViews and AutoLayoutUITests";
			productName = "StackViews and AutoLayoutUITests";
			productReference = 4255783120B9CC4E00A72506 /* StackViews and AutoLayoutUITests.xctest */;
			productType = "com.apple.product-type.bundle.ui-testing";
		};
/* End PBXNativeTarget section */

/* Begin PBXProject section */
		4255780A20B9CC4D00A72506 /* Project object */ = {
			isa = PBXProject;
			attributes = {
				LastSwiftUpdateCheck = 0930;
				LastUpgradeCheck = 0930;
				ORGANIZATIONNAME = "Marco Falanga";
				TargetAttributes = {
					4255781120B9CC4D00A72506 = {
						CreatedOnToolsVersion = 9.3;
					};
					4255782520B9CC4E00A72506 = {
						CreatedOnToolsVersion = 9.3;
						TestTargetID = 4255781120B9CC4D00A72506;
					};
					4255783020B9CC4E00A72506 = {
						CreatedOnToolsVersion = 9.3;
						TestTargetID = 4255781120B9CC4D00A72506;
					};
				};
			};
			buildConfigurationList = 4255780D20B9CC4D00A72506 /* Build configuration list for PBXProject "StackViews and AutoLayout" */;
			compatibilityVersion = "Xcode 9.3";
			developmentRegion = en;
			hasScannedForEncodings = 0;
			knownRegions = (
				en,
				Base,
			);
			mainGroup = 4255780920B9CC4D00A72506;
			productRefGroup = 4255781320B9CC4D00A72506 /* Products */;
			projectDirPath = "";
			projectRoot = "";
			targets = (
				4255781120B9CC4D00A72506 /* StackViews and AutoLayout */,
				4255782520B9CC4E00A72506 /* StackViews and AutoLayoutTests */,
				4255783020B9CC4E00A72506 /* StackViews and AutoLayoutUITests */,
			);
		};
/* End PBXProject section */

/* Begin PBXResourcesBuildPhase section */
		4255781020B9CC4D00A72506 /* Resources */ = {
			isa = PBXResourcesBuildPhase;
			buildActionMask = 2147483647;
			files = (
				4255782020B9CC4D00A72506 /* LaunchScreen.storyboard in Resources */,
				4255781D20B9CC4D00A72506 /* Assets.xcassets in Resources */,
				4255781B20B9CC4D00A72506 /* Main.storyboard in Resources */,
			);
			runOnlyForDeploymentPostprocessing = 0;
		};
		4255782420B9CC4E00A72506 /* Resources */ = {
			isa = PBXResourcesBuildPhase;
			buildActionMask = 2147483647;
			files = (
			);
			runOnlyForDeploymentPostprocessing = 0;
		};
		4255782F20B9CC4E00A72506 /* Resources */ = {
			isa = PBXResourcesBuildPhase;
			buildActionMask = 2147483647;
			files = (
			);
			runOnlyForDeploymentPostprocessing = 0;
		};
/* End PBXResourcesBuildPhase section */

/* Begin PBXSourcesBuildPhase section */
		4255780E20B9CC4D00A72506 /* Sources */ = {
			isa = PBXSourcesBuildPhase;
			buildActionMask = 2147483647;
			files = (
				4255781820B9CC4D00A72506 /* ViewController.swift in Sources */,
				4255781620B9CC4D00A72506 /* AppDelegate.swift in Sources */,
			);
			runOnlyForDeploymentPostprocessing = 0;
		};
		4255782220B9CC4E00A72506 /* Sources */ = {
			isa = PBXSourcesBuildPhase;
			buildActionMask = 2147483647;
			files = (
				4255782B20B9CC4E00A72506 /* StackViews_and_AutoLayoutTests.swift in Sources */,
			);
			runOnlyForDeploymentPostprocessing = 0;
		};
		4255782D20B9CC4E00A72506 /* Sources */ = {
			isa = PBXSourcesBuildPhase;
			buildActionMask = 2147483647;
			files = (
				4255783620B9CC4E00A72506 /* StackViews_and_AutoLayoutUITests.swift in Sources */,
			);
			runOnlyForDeploymentPostprocessing = 0;
		};
/* End PBXSourcesBuildPhase section */

/* Begin PBXTargetDependency section */
		4255782820B9CC4E00A72506 /* PBXTargetDependency */ = {
			isa = PBXTargetDependency;
			target = 4255781120B9CC4D00A72506 /* StackViews and AutoLayout */;
			targetProxy = 4255782720B9CC4E00A72506 /* PBXContainerItemProxy */;
		};
		4255783320B9CC4E00A72506 /* PBXTargetDependency */ = {
			isa = PBXTargetDependency;
			target = 4255781120B9CC4D00A72506 /* StackViews and AutoLayout */;
			targetProxy = 4255783220B9CC4E00A72506 /* PBXContainerItemProxy */;
		};
/* End PBXTargetDependency section */

/* Begin PBXVariantGroup section */
		4255781920B9CC4D00A72506 /* Main.storyboard */ = {
			isa = PBXVariantGroup;
			children = (
				4255781A20B9CC4D00A72506 /* Base */,
			);
			name = Main.storyboard;
			sourceTree = "<group>";
		};
		4255781E20B9CC4D00A72506 /* LaunchScreen.storyboard */ = {
			isa = PBXVariantGroup;
			children = (
				4255781F20B9CC4D00A72506 /* Base */,
			);
			name = LaunchScreen.storyboard;
			sourceTree = "<group>";
		};
/* End PBXVariantGroup section */

/* Begin XCBuildConfiguration section */
		4255783820B9CC4E00A72506 /* Debug */ = {
			isa = XCBuildConfiguration;
			buildSettings = {
				ALWAYS_SEARCH_USER_PATHS = NO;
				CLANG_ANALYZER_NONNULL = YES;
				CLANG_ANALYZER_NUMBER_OBJECT_CONVERSION = YES_AGGRESSIVE;
				CLANG_CXX_LANGUAGE_STANDARD = "gnu++14";
				CLANG_CXX_LIBRARY = "libc++";
				CLANG_ENABLE_MODULES = YES;
				CLANG_ENABLE_OBJC_ARC = YES;
				CLANG_ENABLE_OBJC_WEAK = YES;
				CLANG_WARN_BLOCK_CAPTURE_AUTORELEASING = YES;
				CLANG_WARN_BOOL_CONVERSION = YES;
				CLANG_WARN_COMMA = YES;
				CLANG_WARN_CONSTANT_CONVERSION = YES;
				CLANG_WARN_DEPRECATED_OBJC_IMPLEMENTATIONS = YES;
				CLANG_WARN_DIRECT_OBJC_ISA_USAGE = YES_ERROR;
				CLANG_WARN_DOCUMENTATION_COMMENTS = YES;
				CLANG_WARN_EMPTY_BODY = YES;
				CLANG_WARN_ENUM_CONVERSION = YES;
				CLANG_WARN_INFINITE_RECURSION = YES;
				CLANG_WARN_INT_CONVERSION = YES;
				CLANG_WARN_NON_LITERAL_NULL_CONVERSION = YES;
				CLANG_WARN_OBJC_IMPLICIT_RETAIN_SELF = YES;
				CLANG_WARN_OBJC_LITERAL_CONVERSION = YES;
				CLANG_WARN_OBJC_ROOT_CLASS = YES_ERROR;
				CLANG_WARN_RANGE_LOOP_ANALYSIS = YES;
				CLANG_WARN_STRICT_PROTOTYPES = YES;
				CLANG_WARN_SUSPICIOUS_MOVE = YES;
				CLANG_WARN_UNGUARDED_AVAILABILITY = YES_AGGRESSIVE;
				CLANG_WARN_UNREACHABLE_CODE = YES;
				CLANG_WARN__DUPLICATE_METHOD_MATCH = YES;
				CODE_SIGN_IDENTITY = "iPhone Developer";
				COPY_PHASE_STRIP = NO;
				DEBUG_INFORMATION_FORMAT = dwarf;
				ENABLE_STRICT_OBJC_MSGSEND = YES;
				ENABLE_TESTABILITY = YES;
				GCC_C_LANGUAGE_STANDARD = gnu11;
				GCC_DYNAMIC_NO_PIC = NO;
				GCC_NO_COMMON_BLOCKS = YES;
				GCC_OPTIMIZATION_LEVEL = 0;
				GCC_PREPROCESSOR_DEFINITIONS = (
					"DEBUG=1",
					"$(inherited)",
				);
				GCC_WARN_64_TO_32_BIT_CONVERSION = YES;
				GCC_WARN_ABOUT_RETURN_TYPE = YES_ERROR;
				GCC_WARN_UNDECLARED_SELECTOR = YES;
				GCC_WARN_UNINITIALIZED_AUTOS = YES_AGGRESSIVE;
				GCC_WARN_UNUSED_FUNCTION = YES;
				GCC_WARN_UNUSED_VARIABLE = YES;
				IPHONEOS_DEPLOYMENT_TARGET = 11.3;
				MTL_ENABLE_DEBUG_INFO = YES;
				ONLY_ACTIVE_ARCH = YES;
				SDKROOT = iphoneos;
				SWIFT_ACTIVE_COMPILATION_CONDITIONS = DEBUG;
				SWIFT_OPTIMIZATION_LEVEL = "-Onone";
			};
			name = Debug;
		};
		4255783920B9CC4E00A72506 /* Release */ = {
			isa = XCBuildConfiguration;
			buildSettings = {
				ALWAYS_SEARCH_USER_PATHS = NO;
				CLANG_ANALYZER_NONNULL = YES;
				CLANG_ANALYZER_NUMBER_OBJECT_CONVERSION = YES_AGGRESSIVE;
				CLANG_CXX_LANGUAGE_STANDARD = "gnu++14";
				CLANG_CXX_LIBRARY = "libc++";
				CLANG_ENABLE_MODULES = YES;
				CLANG_ENABLE_OBJC_ARC = YES;
				CLANG_ENABLE_OBJC_WEAK = YES;
				CLANG_WARN_BLOCK_CAPTURE_AUTORELEASING = YES;
				CLANG_WARN_BOOL_CONVERSION = YES;
				CLANG_WARN_COMMA = YES;
				CLANG_WARN_CONSTANT_CONVERSION = YES;
				CLANG_WARN_DEPRECATED_OBJC_IMPLEMENTATIONS = YES;
				CLANG_WARN_DIRECT_OBJC_ISA_USAGE = YES_ERROR;
				CLANG_WARN_DOCUMENTATION_COMMENTS = YES;
				CLANG_WARN_EMPTY_BODY = YES;
				CLANG_WARN_ENUM_CONVERSION = YES;
				CLANG_WARN_INFINITE_RECURSION = YES;
				CLANG_WARN_INT_CONVERSION = YES;
				CLANG_WARN_NON_LITERAL_NULL_CONVERSION = YES;
				CLANG_WARN_OBJC_IMPLICIT_RETAIN_SELF = YES;
				CLANG_WARN_OBJC_LITERAL_CONVERSION = YES;
				CLANG_WARN_OBJC_ROOT_CLASS = YES_ERROR;
				CLANG_WARN_RANGE_LOOP_ANALYSIS = YES;
				CLANG_WARN_STRICT_PROTOTYPES = YES;
				CLANG_WARN_SUSPICIOUS_MOVE = YES;
				CLANG_WARN_UNGUARDED_AVAILABILITY = YES_AGGRESSIVE;
				CLANG_WARN_UNREACHABLE_CODE = YES;
				CLANG_WARN__DUPLICATE_METHOD_MATCH = YES;
				CODE_SIGN_IDENTITY = "iPhone Developer";
				COPY_PHASE_STRIP = NO;
				DEBUG_INFORMATION_FORMAT = "dwarf-with-dsym";
				ENABLE_NS_ASSERTIONS = NO;
				ENABLE_STRICT_OBJC_MSGSEND = YES;
				GCC_C_LANGUAGE_STANDARD = gnu11;
				GCC_NO_COMMON_BLOCKS = YES;
				GCC_WARN_64_TO_32_BIT_CONVERSION = YES;
				GCC_WARN_ABOUT_RETURN_TYPE = YES_ERROR;
				GCC_WARN_UNDECLARED_SELECTOR = YES;
				GCC_WARN_UNINITIALIZED_AUTOS = YES_AGGRESSIVE;
				GCC_WARN_UNUSED_FUNCTION = YES;
				GCC_WARN_UNUSED_VARIABLE = YES;
				IPHONEOS_DEPLOYMENT_TARGET = 11.3;
				MTL_ENABLE_DEBUG_INFO = NO;
				SDKROOT = iphoneos;
				SWIFT_COMPILATION_MODE = wholemodule;
				SWIFT_OPTIMIZATION_LEVEL = "-O";
				VALIDATE_PRODUCT = YES;
			};
			name = Release;
		};
		4255783B20B9CC4E00A72506 /* Debug */ = {
			isa = XCBuildConfiguration;
			buildSettings = {
				ASSETCATALOG_COMPILER_APPICON_NAME = AppIcon;
				CODE_SIGN_STYLE = Automatic;
				DEVELOPMENT_TEAM = L4CBTPH6UD;
				INFOPLIST_FILE = "StackViews and AutoLayout/Info.plist";
				LD_RUNPATH_SEARCH_PATHS = (
					"$(inherited)",
					"@executable_path/Frameworks",
				);
				PRODUCT_BUNDLE_IDENTIFIER = "com.mrcfal.StackViews-and-AutoLayout";
				PRODUCT_NAME = "$(TARGET_NAME)";
				SWIFT_VERSION = 4.0;
				TARGETED_DEVICE_FAMILY = "1,2";
			};
			name = Debug;
		};
		4255783C20B9CC4E00A72506 /* Release */ = {
			isa = XCBuildConfiguration;
			buildSettings = {
				ASSETCATALOG_COMPILER_APPICON_NAME = AppIcon;
				CODE_SIGN_STYLE = Automatic;
				DEVELOPMENT_TEAM = L4CBTPH6UD;
				INFOPLIST_FILE = "StackViews and AutoLayout/Info.plist";
				LD_RUNPATH_SEARCH_PATHS = (
					"$(inherited)",
					"@executable_path/Frameworks",
				);
				PRODUCT_BUNDLE_IDENTIFIER = "com.mrcfal.StackViews-and-AutoLayout";
				PRODUCT_NAME = "$(TARGET_NAME)";
				SWIFT_VERSION = 4.0;
				TARGETED_DEVICE_FAMILY = "1,2";
			};
			name = Release;
		};
		4255783E20B9CC4E00A72506 /* Debug */ = {
			isa = XCBuildConfiguration;
			buildSettings = {
				ALWAYS_EMBED_SWIFT_STANDARD_LIBRARIES = YES;
				BUNDLE_LOADER = "$(TEST_HOST)";
				CODE_SIGN_STYLE = Automatic;
				DEVELOPMENT_TEAM = L4CBTPH6UD;
				INFOPLIST_FILE = "StackViews and AutoLayoutTests/Info.plist";
				LD_RUNPATH_SEARCH_PATHS = (
					"$(inherited)",
					"@executable_path/Frameworks",
					"@loader_path/Frameworks",
				);
				PRODUCT_BUNDLE_IDENTIFIER = "com.mrcfal.StackViews-and-AutoLayoutTests";
				PRODUCT_NAME = "$(TARGET_NAME)";
				SWIFT_VERSION = 4.0;
				TARGETED_DEVICE_FAMILY = "1,2";
				TEST_HOST = "$(BUILT_PRODUCTS_DIR)/StackViews and AutoLayout.app/StackViews and AutoLayout";
			};
			name = Debug;
		};
		4255783F20B9CC4E00A72506 /* Release */ = {
			isa = XCBuildConfiguration;
			buildSettings = {
				ALWAYS_EMBED_SWIFT_STANDARD_LIBRARIES = YES;
				BUNDLE_LOADER = "$(TEST_HOST)";
				CODE_SIGN_STYLE = Automatic;
				DEVELOPMENT_TEAM = L4CBTPH6UD;
				INFOPLIST_FILE = "StackViews and AutoLayoutTests/Info.plist";
				LD_RUNPATH_SEARCH_PATHS = (
					"$(inherited)",
					"@executable_path/Frameworks",
					"@loader_path/Frameworks",
				);
				PRODUCT_BUNDLE_IDENTIFIER = "com.mrcfal.StackViews-and-AutoLayoutTests";
				PRODUCT_NAME = "$(TARGET_NAME)";
				SWIFT_VERSION = 4.0;
				TARGETED_DEVICE_FAMILY = "1,2";
				TEST_HOST = "$(BUILT_PRODUCTS_DIR)/StackViews and AutoLayout.app/StackViews and AutoLayout";
			};
			name = Release;
		};
		4255784120B9CC4E00A72506 /* Debug */ = {
			isa = XCBuildConfiguration;
			buildSettings = {
				ALWAYS_EMBED_SWIFT_STANDARD_LIBRARIES = YES;
				CODE_SIGN_STYLE = Automatic;
				DEVELOPMENT_TEAM = L4CBTPH6UD;
				INFOPLIST_FILE = "StackViews and AutoLayoutUITests/Info.plist";
				LD_RUNPATH_SEARCH_PATHS = (
					"$(inherited)",
					"@executable_path/Frameworks",
					"@loader_path/Frameworks",
				);
				PRODUCT_BUNDLE_IDENTIFIER = "com.mrcfal.StackViews-and-AutoLayoutUITests";
				PRODUCT_NAME = "$(TARGET_NAME)";
				SWIFT_VERSION = 4.0;
				TARGETED_DEVICE_FAMILY = "1,2";
				TEST_TARGET_NAME = "StackViews and AutoLayout";
			};
			name = Debug;
		};
		4255784220B9CC4E00A72506 /* Release */ = {
			isa = XCBuildConfiguration;
			buildSettings = {
				ALWAYS_EMBED_SWIFT_STANDARD_LIBRARIES = YES;
				CODE_SIGN_STYLE = Automatic;
				DEVELOPMENT_TEAM = L4CBTPH6UD;
				INFOPLIST_FILE = "StackViews and AutoLayoutUITests/Info.plist";
				LD_RUNPATH_SEARCH_PATHS = (
					"$(inherited)",
					"@executable_path/Frameworks",
					"@loader_path/Frameworks",
				);
				PRODUCT_BUNDLE_IDENTIFIER = "com.mrcfal.StackViews-and-AutoLayoutUITests";
				PRODUCT_NAME = "$(TARGET_NAME)";
				SWIFT_VERSION = 4.0;
				TARGETED_DEVICE_FAMILY = "1,2";
				TEST_TARGET_NAME = "StackViews and AutoLayout";
			};
			name = Release;
		};
/* End XCBuildConfiguration section */

/* Begin XCConfigurationList section */
		4255780D20B9CC4D00A72506 /* Build configuration list for PBXProject "StackViews and AutoLayout" */ = {
			isa = XCConfigurationList;
			buildConfigurations = (
				4255783820B9CC4E00A72506 /* Debug */,
				4255783920B9CC4E00A72506 /* Release */,
			);
			defaultConfigurationIsVisible = 0;
			defaultConfigurationName = Release;
		};
		4255783A20B9CC4E00A72506 /* Build configuration list for PBXNativeTarget "StackViews and AutoLayout" */ = {
			isa = XCConfigurationList;
			buildConfigurations = (
				4255783B20B9CC4E00A72506 /* Debug */,
				4255783C20B9CC4E00A72506 /* Release */,
			);
			defaultConfigurationIsVisible = 0;
			defaultConfigurationName = Release;
		};
		4255783D20B9CC4E00A72506 /* Build configuration list for PBXNativeTarget "StackViews and AutoLayoutTests" */ = {
			isa = XCConfigurationList;
			buildConfigurations = (
				4255783E20B9CC4E00A72506 /* Debug */,
				4255783F20B9CC4E00A72506 /* Release */,
			);
			defaultConfigurationIsVisible = 0;
			defaultConfigurationName = Release;
		};
		4255784020B9CC4E00A72506 /* Build configuration list for PBXNativeTarget "StackViews and AutoLayoutUITests" */ = {
			isa = XCConfigurationList;
			buildConfigurations = (
				4255784120B9CC4E00A72506 /* Debug */,
				4255784220B9CC4E00A72506 /* Release */,
			);
			defaultConfigurationIsVisible = 0;
			defaultConfigurationName = Release;
		};
/* End XCConfigurationList section */
	};
	rootObject = 4255780A20B9CC4D00A72506 /* Project object */;
}
